
Microsoft Visual Studio Solution File, Format Version 12.00
# Visual Studio Version 17
VisualStudioVersion = 17.7.34031.279
MinimumVisualStudioVersion = 10.0.40219.1
Project("{FAE04EC0-301F-11D3-BF4B-00C04F79EFBC}") = "Phase3End", "Phase3End\Phase3End.csproj", "{45060EF9-34C2-492B-9EAD-C2ED40C3CC6A}"
EndProject
Global
	GlobalSection(SolutionConfigurationPlatforms) = preSolution
		Debug|Any CPU = Debug|Any CPU
		Release|Any CPU = Release|Any CPU
	EndGlobalSection
	GlobalSection(ProjectConfigurationPlatforms) = postSolution
		{45060EF9-34C2-492B-9EAD-C2ED40C3CC6A}.Debug|Any CPU.ActiveCfg = Debug|Any CPU
		{45060EF9-34C2-492B-9EAD-C2ED40C3CC6A}.Debug|Any CPU.Build.0 = Debug|Any CPU
		{45060EF9-34C2-492B-9EAD-C2ED40C3CC6A}.Release|Any CPU.ActiveCfg = Release|Any CPU
		{45060EF9-34C2-492B-9EAD-C2ED40C3CC6A}.Release|Any CPU.Build.0 = Release|Any CPU
	EndGlobalSection
	GlobalSection(SolutionProperties) = preSolution
		HideSolutionNode = FALSE
	EndGlobalSection
	GlobalSection(ExtensibilityGlobals) = postSolution
		SolutionGuid = {C402B19E-07CD-45B5-93DD-097D1C51FAB6}
	EndGlobalSection
EndGlobal
